Microsoft Visual Studio Solution File, Format Version 12.00
# Visual Studio Version 17
Project("{FAE04EC0-301F-11D3-BF4B-00C04F79EFBC}") = "CycleArc.Core", "src\CycleArc.Core\CycleArc.Core.csproj", "{A1111111-1111-1111-1111-111111111111}"
EndProject
Project("{FAE04EC0-301F-11D3-BF4B-00C04F79EFBC}") = "CycleArc", "src\CycleArc\CycleArc.csproj", "{A2222222-2222-2222-2222-222222222222}"
EndProject
Project("{FAE04EC0-301F-11D3-BF4B-00C04F79EFBC}") = "CycleArc.Tests", "tests\CycleArc.Tests\CycleArc.Tests.csproj", "{A3333333-3333-3333-3333-333333333333}"
EndProject
Project("{FAE04EC0-301F-11D3-BF4B-00C04F79EFBC}") = "CycleArc.CompanionHost", "src\CycleArc.CompanionHost\CycleArc.CompanionHost.csproj", "{A4444444-4444-4444-4444-444444444444}"
EndProject
Project("{2150E333-8FDC-42A3-9474-1A3956D46DE8}") = "tests", "tests", "{795806BD-7BF8-4B87-AB1E-327FE1B2DCAE}"
EndProject
Project("{FAE04EC0-301F-11D3-BF4B-00C04F79EFBC}") = "CycleArc.UiSmoke", "tests\CycleArc.UiSmoke\CycleArc.UiSmoke.csproj", "{4B501A4E-0C73-4B47-9DFE-78D825B8ABCA}"
EndProject
Project("{2150E333-8FDC-42A3-9474-1A3956D46DE8}") = "src", "src", "{D0C38976-6185-4A35-99F1-DB99006611BB}"
EndProject
Project("{FAE04EC0-301F-11D3-BF4B-00C04F79EFBC}") = "CycleArc.Setup", "src\CycleArc.Setup\CycleArc.Setup.csproj", "{117CDAA6-3EC0-4FD1-9FE3-9FA70471319B}"
EndProject
Global
	GlobalSection(SolutionConfigurationPlatforms) = preSolution
		Debug|Any CPU = Debug|Any CPU
		Release|Any CPU = Release|Any CPU
	EndGlobalSection
	GlobalSection(ProjectConfigurationPlatforms) = postSolution
		{A1111111-1111-1111-1111-111111111111}.Debug|Any CPU.ActiveCfg = Debug|Any CPU
		{A1111111-1111-1111-1111-111111111111}.Debug|Any CPU.Build.0 = Debug|Any CPU
		{A1111111-1111-1111-1111-111111111111}.Release|Any CPU.ActiveCfg = Release|Any CPU
		{A1111111-1111-1111-1111-111111111111}.Release|Any CPU.Build.0 = Release|Any CPU
		{A2222222-2222-2222-2222-222222222222}.Debug|Any CPU.ActiveCfg = Debug|Any CPU
		{A2222222-2222-2222-2222-222222222222}.Debug|Any CPU.Build.0 = Debug|Any CPU
		{A2222222-2222-2222-2222-222222222222}.Release|Any CPU.ActiveCfg = Release|Any CPU
		{A2222222-2222-2222-2222-222222222222}.Release|Any CPU.Build.0 = Release|Any CPU
		{A3333333-3333-3333-3333-333333333333}.Debug|Any CPU.ActiveCfg = Debug|Any CPU
		{A3333333-3333-3333-3333-333333333333}.Debug|Any CPU.Build.0 = Debug|Any CPU
		{A3333333-3333-3333-3333-333333333333}.Release|Any CPU.ActiveCfg = Release|Any CPU
		{A3333333-3333-3333-3333-333333333333}.Release|Any CPU.Build.0 = Release|Any CPU
		{A4444444-4444-4444-4444-444444444444}.Debug|Any CPU.ActiveCfg = Debug|Any CPU
		{A4444444-4444-4444-4444-444444444444}.Debug|Any CPU.Build.0 = Debug|Any CPU
		{A4444444-4444-4444-4444-444444444444}.Release|Any CPU.ActiveCfg = Release|Any CPU
		{A4444444-4444-4444-4444-444444444444}.Release|Any CPU.Build.0 = Release|Any CPU
		{4B501A4E-0C73-4B47-9DFE-78D825B8ABCA}.Debug|Any CPU.ActiveCfg = Debug|Any CPU
		{4B501A4E-0C73-4B47-9DFE-78D825B8ABCA}.Debug|Any CPU.Build.0 = Debug|Any CPU
		{4B501A4E-0C73-4B47-9DFE-78D825B8ABCA}.Release|Any CPU.ActiveCfg = Release|Any CPU
		{4B501A4E-0C73-4B47-9DFE-78D825B8ABCA}.Release|Any CPU.Build.0 = Release|Any CPU
		{117CDAA6-3EC0-4FD1-9FE3-9FA70471319B}.Debug|Any CPU.ActiveCfg = Debug|Any CPU
		{117CDAA6-3EC0-4FD1-9FE3-9FA70471319B}.Debug|Any CPU.Build.0 = Debug|Any CPU
		{117CDAA6-3EC0-4FD1-9FE3-9FA70471319B}.Release|Any CPU.ActiveCfg = Release|Any CPU
		{117CDAA6-3EC0-4FD1-9FE3-9FA70471319B}.Release|Any CPU.Build.0 = Release|Any CPU
	EndGlobalSection
	GlobalSection(NestedProjects) = preSolution
		{4B501A4E-0C73-4B47-9DFE-78D825B8ABCA} = {795806BD-7BF8-4B87-AB1E-327FE1B2DCAE}
		{117CDAA6-3EC0-4FD1-9FE3-9FA70471319B} = {D0C38976-6185-4A35-99F1-DB99006611BB}
	EndGlobalSection
EndGlobal
